// !$*UTF8*$!
{
	archiveVersion = 1;
	classes = {
	};
	objectVersion = 50;
	objects = {

/* Begin PBXBuildFile section */
		AA934C8B2088528500766B2E /* AppDelegate.swift in Sources */ = {isa = PBXBuildFile; fileRef = AA934C8A2088528500766B2E /* AppDelegate.swift */; };
		AA934C8D2088528500766B2E /* ViewController.swift in Sources */ = {isa = PBXBuildFile; fileRef = AA934C8C2088528500766B2E /* ViewController.swift */; };
		AA934C902088528500766B2E /* Main.storyboard in Resources */ = {isa = PBXBuildFile; fileRef = AA934C8E2088528500766B2E /* Main.storyboard */; };
		AA934C922088528600766B2E /* Assets.xcassets in Resources */ = {isa = PBXBuildFile; fileRef = AA934C912088528600766B2E /* Assets.xcassets */; };
		AA934C952088528600766B2E /* LaunchScreen.storyboard in Resources */ = {isa = PBXBuildFile; fileRef = AA934C932088528600766B2E /* LaunchScreen.storyboard */; };
		AA934C9F2088629D00766B2E /* Vtb.c in Sources */ = {isa = PBXBuildFile; fileRef = AA934C9E2088629D00766B2E /* Vtb.c */; };
/* End PBXBuildFile section */

/* Begin PBXFileReference section */
		AA934C872088528500766B2E /* vtb-ios-demo.app */ = {isa = PBXFileReference; explicitFileType = wrapper.application; includeInIndex = 0; path = "vtb-ios-demo.app"; sourceTree = BUILT_PRODUCTS_DIR; };
		AA934C8A2088528500766B2E /* AppDelegate.swift */ = {isa = PBXFileReference; lastKnownFileType = sourcecode.swift; path = AppDelegate.swift; sourceTree = "<group>"; };
		AA934C8C2088528500766B2E /* ViewController.swift */ = {isa = PBXFileReference; lastKnownFileType = sourcecode.swift; path = ViewController.swift; sourceTree = "<group>"; };
		AA934C8F2088528500766B2E /* Base */ = {isa = PBXFileReference; lastKnownFileType = file.storyboard; name = Base; path = Base.lproj/Main.storyboard; sourceTree = "<group>"; };
		AA934C912088528600766B2E /* Assets.xcassets */ = {isa = PBXFileReference; lastKnownFileType = folder.assetcatalog; path = Assets.xcassets; sourceTree = "<group>"; };
		AA934C942088528600766B2E /* Base */ = {isa = PBXFileReference; lastKnownFileType = file.storyboard; name = Base; path = Base.lproj/LaunchScreen.storyboard; sourceTree = "<group>"; };
		AA934C962088528600766B2E /* Info.plist */ = {isa = PBXFileReference; lastKnownFileType = text.plist.xml; path = Info.plist; sourceTree = "<group>"; };
		AA934C9C2088629D00766B2E /* vtb-ios-demo-Bridging-Header.h */ = {isa = PBXFileReference; lastKnownFileType = sourcecode.c.h; path = "vtb-ios-demo-Bridging-Header.h"; sourceTree = "<group>"; };
		AA934C9D2088629D00766B2E /* Vtb.h */ = {isa = PBXFileReference; lastKnownFileType = sourcecode.c.h; path = Vtb.h; sourceTree = "<group>"; };
		AA934C9E2088629D00766B2E /* Vtb.c */ = {isa = PBXFileReference; lastKnownFileType = sourcecode.c.c; path = Vtb.c; sourceTree = "<group>"; };
/* End PBXFileReference section */

/* Begin PBXFrameworksBuildPhase section */
		AA934C842088528500766B2E /* Frameworks */ = {
			isa = PBXFrameworksBuildPhase;
			buildActionMask = 2147483647;
			files = (
			);
			runOnlyForDeploymentPostprocessing = 0;
		};
/* End PBXFrameworksBuildPhase section */

/* Begin PBXGroup section */
		AA934C7E2088528500766B2E = {
			isa = PBXGroup;
			children = (
				AA934C9D2088629D00766B2E /* Vtb.h */,
				AA934C9E2088629D00766B2E /* Vtb.c */,
				AA934C892088528500766B2E /* vtb-ios-demo */,
				AA934C882088528500766B2E /* Products */,
				AA934C9C2088629D00766B2E /* vtb-ios-demo-Bridging-Header.h */,
			);
			sourceTree = "<group>";
		};
		AA934C882088528500766B2E /* Products */ = {
			isa = PBXGroup;
			children = (
				AA934C872088528500766B2E /* vtb-ios-demo.app */,
			);
			name = Products;
			sourceTree = "<group>";
		};
		AA934C892088528500766B2E /* vtb-ios-demo */ = {
			isa = PBXGroup;
			children = (
				AA934C8A2088528500766B2E /* AppDelegate.swift */,
				AA934C8C2088528500766B2E /* ViewController.swift */,
				AA934C8E2088528500766B2E /* Main.storyboard */,
				AA934C912088528600766B2E /* Assets.xcassets */,
				AA934C932088528600766B2E /* LaunchScreen.storyboard */,
				AA934C962088528600766B2E /* Info.plist */,
			);
			path = "vtb-ios-demo";
			sourceTree = "<group>";
		};
/* End PBXGroup section */

/* Begin PBXNativeTarget section */
		AA934C862088528500766B2E /* vtb-ios-demo */ = {
			isa = PBXNativeTarget;
			buildConfigurationList = AA934C992088528600766B2E /* Build configuration list for PBXNativeTarget "vtb-ios-demo" */;
			buildPhases = (
				AA934C832088528500766B2E /* Sources */,
				AA934C842088528500766B2E /* Frameworks */,
				AA934C852088528500766B2E /* Resources */,
			);
			buildRules = (
			);
			dependencies = (
			);
			name = "vtb-ios-demo";
			productName = "vtb-ios-demo";
			productReference = AA934C872088528500766B2E /* vtb-ios-demo.app */;
			productType = "com.apple.product-type.application";
		};
/* End PBXNativeTarget section */

/* Begin PBXProject section */
		AA934C7F2088528500766B2E /* Project object */ = {
			isa = PBXProject;
			attributes = {
				LastSwiftUpdateCheck = 0930;
				LastUpgradeCheck = 0930;
				ORGANIZATIONNAME = Christian;
				TargetAttributes = {
					AA934C862088528500766B2E = {
						CreatedOnToolsVersion = 9.3;
						LastSwiftMigration = 0930;
					};
				};
			};
			buildConfigurationList = AA934C822088528500766B2E /* Build configuration list for PBXProject "vtb-ios-demo" */;
			compatibilityVersion = "Xcode 9.3";
			developmentRegion = en;
			hasScannedForEncodings = 0;
			knownRegions = (
				en,
				Base,
			);
			mainGroup = AA934C7E2088528500766B2E;
			productRefGroup = AA934C882088528500766B2E /* Products */;
			projectDirPath = "";
			projectRoot = "";
			targets = (
				AA934C862088528500766B2E /* vtb-ios-demo */,
			);
		};
/* End PBXProject section */

/* Begin PBXResourcesBuildPhase section */
		AA934C852088528500766B2E /* Resources */ = {
			isa = PBXResourcesBuildPhase;
			buildActionMask = 2147483647;
			files = (
				AA934C952088528600766B2E /* LaunchScreen.storyboard in Resources */,
				AA934C922088528600766B2E /* Assets.xcassets in Resources */,
				AA934C902088528500766B2E /* Main.storyboard in Resources */,
			);
			runOnlyForDeploymentPostprocessing = 0;
		};
/* End PBXResourcesBuildPhase section */

/* Begin PBXSourcesBuildPhase section */
		AA934C832088528500766B2E /* Sources */ = {
			isa = PBXSourcesBuildPhase;
			buildActionMask = 2147483647;
			files = (
				AA934C9F2088629D00766B2E /* Vtb.c in Sources */,
				AA934C8D2088528500766B2E /* ViewController.swift in Sources */,
				AA934C8B2088528500766B2E /* AppDelegate.swift in Sources */,
			);
			runOnlyForDeploymentPostprocessing = 0;
		};
/* End PBXSourcesBuildPhase section */

/* Begin PBXVariantGroup section */
		AA934C8E2088528500766B2E /* Main.storyboard */ = {
			isa = PBXVariantGroup;
			children = (
				AA934C8F2088528500766B2E /* Base */,
			);
			name = Main.storyboard;
			sourceTree = "<group>";
		};
		AA934C932088528600766B2E /* LaunchScreen.storyboard */ = {
			isa = PBXVariantGroup;
			children = (
				AA934C942088528600766B2E /* Base */,
			);
			name = LaunchScreen.storyboard;
			sourceTree = "<group>";
		};
/* End PBXVariantGroup section */

/* Begin XCBuildConfiguration section */
		AA934C972088528600766B2E /* Debug */ = {
			isa = XCBuildConfiguration;
			buildSettings = {
				ALWAYS_SEARCH_USER_PATHS = NO;
				CLANG_ANALYZER_NONNULL = YES;
				CLANG_ANALYZER_NUMBER_OBJECT_CONVERSION = YES_AGGRESSIVE;
				CLANG_CXX_LANGUAGE_STANDARD = "gnu++14";
				CLANG_CXX_LIBRARY = "libc++";
				CLANG_ENABLE_MODULES = YES;
				CLANG_ENABLE_OBJC_ARC = YES;
				CLANG_ENABLE_OBJC_WEAK = YES;
				CLANG_WARN_BLOCK_CAPTURE_AUTORELEASING = YES;
				CLANG_WARN_BOOL_CONVERSION = YES;
				CLANG_WARN_COMMA = YES;
				CLANG_WARN_CONSTANT_CONVERSION = YES;
				CLANG_WARN_DEPRECATED_OBJC_IMPLEMENTATIONS = YES;
				CLANG_WARN_DIRECT_OBJC_ISA_USAGE = YES_ERROR;
				CLANG_WARN_DOCUMENTATION_COMMENTS = YES;
				CLANG_WARN_EMPTY_BODY = YES;
				CLANG_WARN_ENUM_CONVERSION = YES;
				CLANG_WARN_INFINITE_RECURSION = YES;
				CLANG_WARN_INT_CONVERSION = YES;
				CLANG_WARN_NON_LITERAL_NULL_CONVERSION = YES;
				CLANG_WARN_OBJC_IMPLICIT_RETAIN_SELF = YES;
				CLANG_WARN_OBJC_LITERAL_CONVERSION = YES;
				CLANG_WARN_OBJC_ROOT_CLASS = YES_ERROR;
				CLANG_WARN_RANGE_LOOP_ANALYSIS = YES;
				CLANG_WARN_STRICT_PROTOTYPES = YES;
				CLANG_WARN_SUSPICIOUS_MOVE = YES;
				CLANG_WARN_UNGUARDED_AVAILABILITY = YES_AGGRESSIVE;
				CLANG_WARN_UNREACHABLE_CODE = YES;
				CLANG_WARN__DUPLICATE_METHOD_MATCH = YES;
				CODE_SIGN_IDENTITY = "iPhone Developer";
				COPY_PHASE_STRIP = NO;
				DEBUG_INFORMATION_FORMAT = dwarf;
				ENABLE_STRICT_OBJC_MSGSEND = YES;
				ENABLE_TESTABILITY = YES;
				GCC_C_LANGUAGE_STANDARD = gnu11;
				GCC_DYNAMIC_NO_PIC = NO;
				GCC_NO_COMMON_BLOCKS = YES;
				GCC_OPTIMIZATION_LEVEL = 0;
				GCC_PREPROCESSOR_DEFINITIONS = (
					"DEBUG=1",
					"$(inherited)",
				);
				GCC_WARN_64_TO_32_BIT_CONVERSION = YES;
				GCC_WARN_ABOUT_RETURN_TYPE = YES_ERROR;
				GCC_WARN_UNDECLARED_SELECTOR = YES;
				GCC_WARN_UNINITIALIZED_AUTOS = YES_AGGRESSIVE;
				GCC_WARN_UNUSED_FUNCTION = YES;
				GCC_WARN_UNUSED_VARIABLE = YES;
				IPHONEOS_DEPLOYMENT_TARGET = 11.3;
				MTL_ENABLE_DEBUG_INFO = YES;
				ONLY_ACTIVE_ARCH = YES;
				SDKROOT = iphoneos;
				SWIFT_ACTIVE_COMPILATION_CONDITIONS = DEBUG;
				SWIFT_OPTIMIZATION_LEVEL = "-Onone";
			};
			name = Debug;
		};
		AA934C982088528600766B2E /* Release */ = {
			isa = XCBuildConfiguration;
			buildSettings = {
				ALWAYS_SEARCH_USER_PATHS = NO;
				CLANG_ANALYZER_NONNULL = YES;
				CLANG_ANALYZER_NUMBER_OBJECT_CONVERSION = YES_AGGRESSIVE;
				CLANG_CXX_LANGUAGE_STANDARD = "gnu++14";
				CLANG_CXX_LIBRARY = "libc++";
				CLANG_ENABLE_MODULES = YES;
				CLANG_ENABLE_OBJC_ARC = YES;
				CLANG_ENABLE_OBJC_WEAK = YES;
				CLANG_WARN_BLOCK_CAPTURE_AUTORELEASING = YES;
				CLANG_WARN_BOOL_CONVERSION = YES;
				CLANG_WARN_COMMA = YES;
				CLANG_WARN_CONSTANT_CONVERSION = YES;
				CLANG_WARN_DEPRECATED_OBJC_IMPLEMENTATIONS = YES;
				CLANG_WARN_DIRECT_OBJC_ISA_USAGE = YES_ERROR;
				CLANG_WARN_DOCUMENTATION_COMMENTS = YES;
				CLANG_WARN_EMPTY_BODY = YES;
				CLANG_WARN_ENUM_CONVERSION = YES;
				CLANG_WARN_INFINITE_RECURSION = YES;
				CLANG_WARN_INT_CONVERSION = YES;
				CLANG_WARN_NON_LITERAL_NULL_CONVERSION = YES;
				CLANG_WARN_OBJC_IMPLICIT_RETAIN_SELF = YES;
				CLANG_WARN_OBJC_LITERAL_CONVERSION = YES;
				CLANG_WARN_OBJC_ROOT_CLASS = YES_ERROR;
				CLANG_WARN_RANGE_LOOP_ANALYSIS = YES;
				CLANG_WARN_STRICT_PROTOTYPES = YES;
				CLANG_WARN_SUSPICIOUS_MOVE = YES;
				CLANG_WARN_UNGUARDED_AVAILABILITY = YES_AGGRESSIVE;
				CLANG_WARN_UNREACHABLE_CODE = YES;
				CLANG_WARN__DUPLICATE_METHOD_MATCH = YES;
				CODE_SIGN_IDENTITY = "iPhone Developer";
				COPY_PHASE_STRIP = NO;
				DEBUG_INFORMATION_FORMAT = "dwarf-with-dsym";
				ENABLE_NS_ASSERTIONS = NO;
				ENABLE_STRICT_OBJC_MSGSEND = YES;
				GCC_C_LANGUAGE_STANDARD = gnu11;
				GCC_NO_COMMON_BLOCKS = YES;
				GCC_WARN_64_TO_32_BIT_CONVERSION = YES;
				GCC_WARN_ABOUT_RETURN_TYPE = YES_ERROR;
				GCC_WARN_UNDECLARED_SELECTOR = YES;
				GCC_WARN_UNINITIALIZED_AUTOS = YES_AGGRESSIVE;
				GCC_WARN_UNUSED_FUNCTION = YES;
				GCC_WARN_UNUSED_VARIABLE = YES;
				IPHONEOS_DEPLOYMENT_TARGET = 11.3;
				MTL_ENABLE_DEBUG_INFO = NO;
				SDKROOT = iphoneos;
				SWIFT_COMPILATION_MODE = wholemodule;
				SWIFT_OPTIMIZATION_LEVEL = "-O";
				VALIDATE_PRODUCT = YES;
			};
			name = Release;
		};
		AA934C9A2088528600766B2E /* Debug */ = {
			isa = XCBuildConfiguration;
			buildSettings = {
				ASSETCATALOG_COMPILER_APPICON_NAME = AppIcon;
				CLANG_ENABLE_MODULES = YES;
				CODE_SIGN_STYLE = Automatic;
				DEVELOPMENT_TEAM = 84CR7RP3LE;
				INFOPLIST_FILE = "vtb-ios-demo/Info.plist";
				IPHONEOS_DEPLOYMENT_TARGET = 10.0;
				LD_RUNPATH_SEARCH_PATHS = (
					"$(inherited)",
					"@executable_path/Frameworks",
				);
				PRODUCT_BUNDLE_IDENTIFIER = "com.schladetsch.vtb-ios-demo";
				PRODUCT_NAME = "$(TARGET_NAME)";
				SWIFT_OBJC_BRIDGING_HEADER = "vtb-ios-demo-Bridging-Header.h";
				SWIFT_OPTIMIZATION_LEVEL = "-Onone";
				SWIFT_VERSION = 4.0;
				TARGETED_DEVICE_FAMILY = "1,2";
			};
			name = Debug;
		};
		AA934C9B2088528600766B2E /* Release */ = {
			isa = XCBuildConfiguration;
			buildSettings = {
				ASSETCATALOG_COMPILER_APPICON_NAME = AppIcon;
				CLANG_ENABLE_MODULES = YES;
				CODE_SIGN_STYLE = Automatic;
				DEVELOPMENT_TEAM = 84CR7RP3LE;
				INFOPLIST_FILE = "vtb-ios-demo/Info.plist";
				IPHONEOS_DEPLOYMENT_TARGET = 10.0;
				LD_RUNPATH_SEARCH_PATHS = (
					"$(inherited)",
					"@executable_path/Frameworks",
				);
				PRODUCT_BUNDLE_IDENTIFIER = "com.schladetsch.vtb-ios-demo";
				PRODUCT_NAME = "$(TARGET_NAME)";
				SWIFT_OBJC_BRIDGING_HEADER = "vtb-ios-demo-Bridging-Header.h";
				SWIFT_VERSION = 4.0;
				TARGETED_DEVICE_FAMILY = "1,2";
			};
			name = Release;
		};
/* End XCBuildConfiguration section */

/* Begin XCConfigurationList section */
		AA934C822088528500766B2E /* Build configuration list for PBXProject "vtb-ios-demo" */ = {
			isa = XCConfigurationList;
			buildConfigurations = (
				AA934C972088528600766B2E /* Debug */,
				AA934C982088528600766B2E /* Release */,
			);
			defaultConfigurationIsVisible = 0;
			defaultConfigurationName = Release;
		};
		AA934C992088528600766B2E /* Build configuration list for PBXNativeTarget "vtb-ios-demo" */ = {
			isa = XCConfigurationList;
			buildConfigurations = (
				AA934C9A2088528600766B2E /* Debug */,
				AA934C9B2088528600766B2E /* Release */,
			);
			defaultConfigurationIsVisible = 0;
			defaultConfigurationName = Release;
		};
/* End XCConfigurationList section */
	};
	rootObject = AA934C7F2088528500766B2E /* Project object */;
}
